
Microsoft Visual Studio Solution File, Format Version 12.00
# Visual Studio Version 17
VisualStudioVersion = 17.11.35222.181
MinimumVisualStudioVersion = 10.0.40219.1
Project("{9A19103F-16F7-4668-BE54-9A1E7A4F7556}") = "Miachyna.UI", "Miachyna.UI\Miachyna.UI.csproj", "{8837B9F2-85CE-4ECB-9FAA-31CE761E630B}"
EndProject
Project("{FAE04EC0-301F-11D3-BF4B-00C04F79EFBC}") = "Miachyna.Domain", "Miachyna.Domain\Miachyna.Domain.csproj", "{3A29979C-0639-4DF5-948F-85804C9539B6}"
EndProject
Project("{FAE04EC0-301F-11D3-BF4B-00C04F79EFBC}") = "Miachyna.API", "Miachyna.API\Miachyna.API.csproj", "{F05F8900-91F6-415F-A8D0-9CC94A626598}"
EndProject
Global
	GlobalSection(SolutionConfigurationPlatforms) = preSolution
		Debug|Any CPU = Debug|Any CPU
		Release|Any CPU = Release|Any CPU
	EndGlobalSection
	GlobalSection(ProjectConfigurationPlatforms) = postSolution
		{8837B9F2-85CE-4ECB-9FAA-31CE761E630B}.Debug|Any CPU.ActiveCfg = Debug|Any CPU
		{8837B9F2-85CE-4ECB-9FAA-31CE761E630B}.Debug|Any CPU.Build.0 = Debug|Any CPU
		{8837B9F2-85CE-4ECB-9FAA-31CE761E630B}.Release|Any CPU.ActiveCfg = Release|Any CPU
		{8837B9F2-85CE-4ECB-9FAA-31CE761E630B}.Release|Any CPU.Build.0 = Release|Any CPU
		{3A29979C-0639-4DF5-948F-85804C9539B6}.Debug|Any CPU.ActiveCfg = Debug|Any CPU
		{3A29979C-0639-4DF5-948F-85804C9539B6}.Debug|Any CPU.Build.0 = Debug|Any CPU
		{3A29979C-0639-4DF5-948F-85804C9539B6}.Release|Any CPU.ActiveCfg = Release|Any CPU
		{3A29979C-0639-4DF5-948F-85804C9539B6}.Release|Any CPU.Build.0 = Release|Any CPU
		{F05F8900-91F6-415F-A8D0-9CC94A626598}.Debug|Any CPU.ActiveCfg = Debug|Any CPU
		{F05F8900-91F6-415F-A8D0-9CC94A626598}.Debug|Any CPU.Build.0 = Debug|Any CPU
		{F05F8900-91F6-415F-A8D0-9CC94A626598}.Release|Any CPU.ActiveCfg = Release|Any CPU
		{F05F8900-91F6-415F-A8D0-9CC94A626598}.Release|Any CPU.Build.0 = Release|Any CPU
	EndGlobalSection
	GlobalSection(SolutionProperties) = preSolution
		HideSolutionNode = FALSE
	EndGlobalSection
	GlobalSection(ExtensibilityGlobals) = postSolution
		SolutionGuid = {14B6E09B-01D1-41A8-99CF-ADC875C52A45}
	EndGlobalSection
EndGlobal
