
Microsoft Visual Studio Solution File, Format Version 12.00
# Visual Studio Version 17
VisualStudioVersion = 17.11.35222.181
MinimumVisualStudioVersion = 10.0.40219.1
Project("{FAE04EC0-301F-11D3-BF4B-00C04F79EFBC}") = "Miachyna.UI", "Miachyna.UI\Miachyna.UI.csproj", "{8837B9F2-85CE-4ECB-9FAA-31CE761E630B}"
EndProject
Global
	GlobalSection(SolutionConfigurationPlatforms) = preSolution
		Debug|Any CPU = Debug|Any CPU
		Release|Any CPU = Release|Any CPU
	EndGlobalSection
	GlobalSection(ProjectConfigurationPlatforms) = postSolution
		{8837B9F2-85CE-4ECB-9FAA-31CE761E630B}.Debug|Any CPU.ActiveCfg = Debug|Any CPU
		{8837B9F2-85CE-4ECB-9FAA-31CE761E630B}.Debug|Any CPU.Build.0 = Debug|Any CPU
		{8837B9F2-85CE-4ECB-9FAA-31CE761E630B}.Release|Any CPU.ActiveCfg = Release|Any CPU
		{8837B9F2-85CE-4ECB-9FAA-31CE761E630B}.Release|Any CPU.Build.0 = Release|Any CPU
	EndGlobalSection
	GlobalSection(SolutionProperties) = preSolution
		HideSolutionNode = FALSE
	EndGlobalSection
	GlobalSection(ExtensibilityGlobals) = postSolution
		SolutionGuid = {14B6E09B-01D1-41A8-99CF-ADC875C52A45}
	EndGlobalSection
EndGlobal
